
Microsoft Visual Studio Solution File, Format Version 12.00
# Visual Studio Version 16
VisualStudioVersion = 16.0.30406.217
MinimumVisualStudioVersion = 10.0.40219.1
Project("{FAE04EC0-301F-11D3-BF4B-00C04F79EFBC}") = "GörselProgramlamaAlıştırma", "GörselProgramlamaAlıştırma\GörselProgramlamaAlıştırma.csproj", "{46200E1B-2CAE-4211-ADA7-5C97EBF6A4EC}"
EndProject
Global
	GlobalSection(SolutionConfigurationPlatforms) = preSolution
		Debug|Any CPU = Debug|Any CPU
		Release|Any CPU = Release|Any CPU
	EndGlobalSection
	GlobalSection(ProjectConfigurationPlatforms) = postSolution
		{46200E1B-2CAE-4211-ADA7-5C97EBF6A4EC}.Debug|Any CPU.ActiveCfg = Debug|Any CPU
		{46200E1B-2CAE-4211-ADA7-5C97EBF6A4EC}.Debug|Any CPU.Build.0 = Debug|Any CPU
		{46200E1B-2CAE-4211-ADA7-5C97EBF6A4EC}.Release|Any CPU.ActiveCfg = Release|Any CPU
		{46200E1B-2CAE-4211-ADA7-5C97EBF6A4EC}.Release|Any CPU.Build.0 = Release|Any CPU
	EndGlobalSection
	GlobalSection(SolutionProperties) = preSolution
		HideSolutionNode = FALSE
	EndGlobalSection
	GlobalSection(ExtensibilityGlobals) = postSolution
		SolutionGuid = {B5F21BA3-39BE-4F5D-9859-7F01ED9EE2ED}
	EndGlobalSection
EndGlobal
